
Microsoft Visual Studio Solution File, Format Version 12.00
# Visual Studio Version 17
VisualStudioVersion = 17.6.33815.320
MinimumVisualStudioVersion = 10.0.40219.1
Project("{FAE04EC0-301F-11D3-BF4B-00C04F79EFBC}") = "Test", "Test\Test.csproj", "{6AD3809D-1B73-4CCF-BA78-A59BE770B2B5}"
EndProject
Project("{9A19103F-16F7-4668-BE54-9A1E7A4F7556}") = "LindaSharp", "LindaSharp\LindaSharp.csproj", "{B3978914-BF74-4132-9D85-131A37F8E9F3}"
EndProject
Global
	GlobalSection(SolutionConfigurationPlatforms) = preSolution
		Debug|Any CPU = Debug|Any CPU
		Release|Any CPU = Release|Any CPU
	EndGlobalSection
	GlobalSection(ProjectConfigurationPlatforms) = postSolution
		{6AD3809D-1B73-4CCF-BA78-A59BE770B2B5}.Debug|Any CPU.ActiveCfg = Debug|Any CPU
		{6AD3809D-1B73-4CCF-BA78-A59BE770B2B5}.Debug|Any CPU.Build.0 = Debug|Any CPU
		{6AD3809D-1B73-4CCF-BA78-A59BE770B2B5}.Release|Any CPU.ActiveCfg = Release|Any CPU
		{6AD3809D-1B73-4CCF-BA78-A59BE770B2B5}.Release|Any CPU.Build.0 = Release|Any CPU
		{B3978914-BF74-4132-9D85-131A37F8E9F3}.Debug|Any CPU.ActiveCfg = Debug|Any CPU
		{B3978914-BF74-4132-9D85-131A37F8E9F3}.Debug|Any CPU.Build.0 = Debug|Any CPU
		{B3978914-BF74-4132-9D85-131A37F8E9F3}.Release|Any CPU.ActiveCfg = Release|Any CPU
		{B3978914-BF74-4132-9D85-131A37F8E9F3}.Release|Any CPU.Build.0 = Release|Any CPU
	EndGlobalSection
	GlobalSection(SolutionProperties) = preSolution
		HideSolutionNode = FALSE
	EndGlobalSection
	GlobalSection(ExtensibilityGlobals) = postSolution
		SolutionGuid = {E70D6D0E-E0F3-4ECC-AF7D-0A9B8434FAD0}
	EndGlobalSection
EndGlobal
